{
  "originHash" : "f8a0db239c6de4472428fbeb321c7ff5b436762d439ad53f723aadd3e23e5cb2",
  "pins" : [
    {
      "identity" : "stripe-ios",
      "kind" : "remoteSourceControl",
      "location" : "https://github.com/stripe/stripe-ios",
      "state" : {
        "revision" : "b8e1eff3a846e6d7f8c7743f452023247273178e",
        "version" : "24.15.0"
      }
    }
  ],
  "version" : 3
}
