{
  "originHash" : "f8a0db239c6de4472428fbeb321c7ff5b436762d439ad53f723aadd3e23e5cb2",
  "pins" : [
    {
      "identity" : "stripe-ios",
      "kind" : "remoteSourceControl",
      "location" : "https://github.com/stripe/stripe-ios",
      "state" : {
        "revision" : "ca7865689662c09ee2af452449c79ba02a9e1605",
        "version" : "25.9.0"
      }
    }
  ],
  "version" : 3
}
